Microsoft Visual Studio Solution File, Format Version 12.00
# Visual Studio Version 17
VisualStudioVersion = 17.5.2.0
MinimumVisualStudioVersion = 10.0.40219.1
Project("{FAE04EC0-301F-11D3-BF4B-00C04F79EFBC}") = "DAY1", "DAY1\DAY1.csproj", "{66801BA3-C76F-D404-9B01-79D62F8A46FC}"
EndProject
Project("{FAE04EC0-301F-11D3-BF4B-00C04F79EFBC}") = "Day2", "Day2\Day2.csproj", "{9D6A106E-268E-4B6D-A1A9-51CC644CB913}"
EndProject
Project("{2150E333-8FDC-42A3-9474-1A3956D46DE8}") = "Day2", "Day2", "{FD9B1931-D641-4A55-A960-6505AE53B753}"
EndProject
Project("{FAE04EC0-301F-11D3-BF4B-00C04F79EFBC}") = "FIlmMVC", "Day2\FIlmMVC\FIlmMVC.csproj", "{2AD6B553-C0EF-4101-997A-34BE6BF8FC42}"
EndProject
Project("{FAE04EC0-301F-11D3-BF4B-00C04F79EFBC}") = "FilmConsole", "Day2\FilmConsole\FilmConsole.csproj", "{259FFD7A-D63E-4133-9DCA-C84143177EE7}"
EndProject
Project("{FAE04EC0-301F-11D3-BF4B-00C04F79EFBC}") = "bonbin", "Day2\bonbin\bonbin.csproj", "{3EBD7E27-C318-4273-A174-730989769A4D}"
EndProject
Project("{2150E333-8FDC-42A3-9474-1A3956D46DE8}") = "Day3", "Day3", "{CB724291-AD1D-42EB-9CD0-70C2E6BE80D5}"
EndProject
Project("{FAE04EC0-301F-11D3-BF4B-00C04F79EFBC}") = "Poker777MaxWin", "Day3\Poker777MaxWin\Poker777MaxWin.csproj", "{81A066CC-0991-4602-958E-C32AABD5E92D}"
EndProject
Project("{FAE04EC0-301F-11D3-BF4B-00C04F79EFBC}") = "Kino", "Day3\Kino\Kino.csproj", "{37E9AE1A-4682-4538-B87C-A26640E9D4BA}"
EndProject
Project("{FAE04EC0-301F-11D3-BF4B-00C04F79EFBC}") = "Bottling", "Day3\Bottling\Bottling.csproj", "{6566EF2F-DBF0-4B77-A690-28835D7095D6}"
EndProject
Project("{FAE04EC0-301F-11D3-BF4B-00C04F79EFBC}") = "Moving", "Day3\Moving\Moving.csproj", "{2ECD6038-9F5F-4207-BA1C-215920B1EEDB}"
EndProject
Project("{FAE04EC0-301F-11D3-BF4B-00C04F79EFBC}") = "Nest", "Day3\Nest\Nest.csproj", "{06F20C86-D5F7-4BF5-98D4-1B9AB4F3E37B}"
EndProject
Project("{FAE04EC0-301F-11D3-BF4B-00C04F79EFBC}") = "Nesting", "Day3\Nesting\Nesting.csproj", "{9F531678-B5A2-4879-B71A-474DE8BB1C94}"
EndProject
Project("{2150E333-8FDC-42A3-9474-1A3956D46DE8}") = "Day4", "Day4", "{C595FA86-F753-4AB0-9B69-E8B719B4F221}"
EndProject
Project("{FAE04EC0-301F-11D3-BF4B-00C04F79EFBC}") = "FilmMVC", "Day4\FilmMVC\FilmMVC.csproj", "{34CEC610-ECDC-4B22-B4E3-F4A8854D67A9}"
EndProject
Project("{FAE04EC0-301F-11D3-BF4B-00C04F79EFBC}") = "TestCase", "Day4\TestCase\TestCase.csproj", "{0C849BB7-609B-4F3B-8B5B-415D08DA35C9}"
EndProject
Project("{2150E333-8FDC-42A3-9474-1A3956D46DE8}") = "Day5", "Day5", "{BF040C3F-3857-45A7-B0D7-C09083AAA208}"
EndProject
Project("{FAE04EC0-301F-11D3-BF4B-00C04F79EFBC}") = "Physic", "Day5\Physic\Physic.csproj", "{6B5C5D97-68ED-46EF-AA70-BFE3186263DC}"
EndProject
Project("{FAE04EC0-301F-11D3-BF4B-00C04F79EFBC}") = "Mixer", "Day5\Mixer\Mixer.csproj", "{AB1D9BED-7E3D-4BDE-B6D3-BBA5BFE00F10}"
EndProject
Project("{FAE04EC0-301F-11D3-BF4B-00C04F79EFBC}") = "Catapult", "Day5\Catapult\Catapult.csproj", "{7E82AF75-AF30-4B6C-B909-1658B28B057F}"
EndProject
Project("{2150E333-8FDC-42A3-9474-1A3956D46DE8}") = "Day6", "Day6", "{686F4D35-3263-4A5B-9C31-A30115AE096F}"
EndProject
Project("{FAE04EC0-301F-11D3-BF4B-00C04F79EFBC}") = "Safety", "Day6\Safety\Safety.csproj", "{A7A359FB-F542-4DA6-AD16-BC614807FCBD}"
EndProject
Project("{FAE04EC0-301F-11D3-BF4B-00C04F79EFBC}") = "TryCatch", "Day6\TryCatch\TryCatch.csproj", "{046D7DCF-91B9-4C27-8863-EC82415E7B36}"
EndProject
Project("{FAE04EC0-301F-11D3-BF4B-00C04F79EFBC}") = "YieldReturn", "Day6\YieldReturn\YieldReturn.csproj", "{CF2A977B-E565-41F1-A640-F961E6FBC66D}"
EndProject
Project("{2150E333-8FDC-42A3-9474-1A3956D46DE8}") = "Day7", "Day7", "{41233FE0-515F-4172-B658-BE3F39E0C2B8}"
EndProject
Project("{FAE04EC0-301F-11D3-BF4B-00C04F79EFBC}") = "2ndLogicExercise", "Day7\2ndLogicExercise\2ndLogicExercise.csproj", "{701F2FFC-A193-4191-A3CB-B682454A5728}"
EndProject
Global
	GlobalSection(SolutionConfigurationPlatforms) = preSolution
		Debug|Any CPU = Debug|Any CPU
		Release|Any CPU = Release|Any CPU
	EndGlobalSection
	GlobalSection(ProjectConfigurationPlatforms) = postSolution
		{66801BA3-C76F-D404-9B01-79D62F8A46FC}.Debug|Any CPU.ActiveCfg = Debug|Any CPU
		{66801BA3-C76F-D404-9B01-79D62F8A46FC}.Debug|Any CPU.Build.0 = Debug|Any CPU
		{66801BA3-C76F-D404-9B01-79D62F8A46FC}.Release|Any CPU.ActiveCfg = Release|Any CPU
		{66801BA3-C76F-D404-9B01-79D62F8A46FC}.Release|Any CPU.Build.0 = Release|Any CPU
		{9D6A106E-268E-4B6D-A1A9-51CC644CB913}.Debug|Any CPU.ActiveCfg = Debug|Any CPU
		{9D6A106E-268E-4B6D-A1A9-51CC644CB913}.Debug|Any CPU.Build.0 = Debug|Any CPU
		{9D6A106E-268E-4B6D-A1A9-51CC644CB913}.Release|Any CPU.ActiveCfg = Release|Any CPU
		{9D6A106E-268E-4B6D-A1A9-51CC644CB913}.Release|Any CPU.Build.0 = Release|Any CPU
		{2AD6B553-C0EF-4101-997A-34BE6BF8FC42}.Debug|Any CPU.ActiveCfg = Debug|Any CPU
		{2AD6B553-C0EF-4101-997A-34BE6BF8FC42}.Debug|Any CPU.Build.0 = Debug|Any CPU
		{2AD6B553-C0EF-4101-997A-34BE6BF8FC42}.Release|Any CPU.ActiveCfg = Release|Any CPU
		{2AD6B553-C0EF-4101-997A-34BE6BF8FC42}.Release|Any CPU.Build.0 = Release|Any CPU
		{259FFD7A-D63E-4133-9DCA-C84143177EE7}.Debug|Any CPU.ActiveCfg = Debug|Any CPU
		{259FFD7A-D63E-4133-9DCA-C84143177EE7}.Debug|Any CPU.Build.0 = Debug|Any CPU
		{259FFD7A-D63E-4133-9DCA-C84143177EE7}.Release|Any CPU.ActiveCfg = Release|Any CPU
		{259FFD7A-D63E-4133-9DCA-C84143177EE7}.Release|Any CPU.Build.0 = Release|Any CPU
		{3EBD7E27-C318-4273-A174-730989769A4D}.Debug|Any CPU.ActiveCfg = Debug|Any CPU
		{3EBD7E27-C318-4273-A174-730989769A4D}.Debug|Any CPU.Build.0 = Debug|Any CPU
		{3EBD7E27-C318-4273-A174-730989769A4D}.Release|Any CPU.ActiveCfg = Release|Any CPU
		{3EBD7E27-C318-4273-A174-730989769A4D}.Release|Any CPU.Build.0 = Release|Any CPU
		{81A066CC-0991-4602-958E-C32AABD5E92D}.Debug|Any CPU.ActiveCfg = Debug|Any CPU
		{81A066CC-0991-4602-958E-C32AABD5E92D}.Debug|Any CPU.Build.0 = Debug|Any CPU
		{81A066CC-0991-4602-958E-C32AABD5E92D}.Release|Any CPU.ActiveCfg = Release|Any CPU
		{81A066CC-0991-4602-958E-C32AABD5E92D}.Release|Any CPU.Build.0 = Release|Any CPU
		{37E9AE1A-4682-4538-B87C-A26640E9D4BA}.Debug|Any CPU.ActiveCfg = Debug|Any CPU
		{37E9AE1A-4682-4538-B87C-A26640E9D4BA}.Debug|Any CPU.Build.0 = Debug|Any CPU
		{37E9AE1A-4682-4538-B87C-A26640E9D4BA}.Release|Any CPU.ActiveCfg = Release|Any CPU
		{37E9AE1A-4682-4538-B87C-A26640E9D4BA}.Release|Any CPU.Build.0 = Release|Any CPU
		{6566EF2F-DBF0-4B77-A690-28835D7095D6}.Debug|Any CPU.ActiveCfg = Debug|Any CPU
		{6566EF2F-DBF0-4B77-A690-28835D7095D6}.Debug|Any CPU.Build.0 = Debug|Any CPU
		{6566EF2F-DBF0-4B77-A690-28835D7095D6}.Release|Any CPU.ActiveCfg = Release|Any CPU
		{6566EF2F-DBF0-4B77-A690-28835D7095D6}.Release|Any CPU.Build.0 = Release|Any CPU
		{2ECD6038-9F5F-4207-BA1C-215920B1EEDB}.Debug|Any CPU.ActiveCfg = Debug|Any CPU
		{2ECD6038-9F5F-4207-BA1C-215920B1EEDB}.Debug|Any CPU.Build.0 = Debug|Any CPU
		{2ECD6038-9F5F-4207-BA1C-215920B1EEDB}.Release|Any CPU.ActiveCfg = Release|Any CPU
		{2ECD6038-9F5F-4207-BA1C-215920B1EEDB}.Release|Any CPU.Build.0 = Release|Any CPU
		{06F20C86-D5F7-4BF5-98D4-1B9AB4F3E37B}.Debug|Any CPU.ActiveCfg = Debug|Any CPU
		{06F20C86-D5F7-4BF5-98D4-1B9AB4F3E37B}.Debug|Any CPU.Build.0 = Debug|Any CPU
		{06F20C86-D5F7-4BF5-98D4-1B9AB4F3E37B}.Release|Any CPU.ActiveCfg = Release|Any CPU
		{06F20C86-D5F7-4BF5-98D4-1B9AB4F3E37B}.Release|Any CPU.Build.0 = Release|Any CPU
		{9F531678-B5A2-4879-B71A-474DE8BB1C94}.Debug|Any CPU.ActiveCfg = Debug|Any CPU
		{9F531678-B5A2-4879-B71A-474DE8BB1C94}.Debug|Any CPU.Build.0 = Debug|Any CPU
		{9F531678-B5A2-4879-B71A-474DE8BB1C94}.Release|Any CPU.ActiveCfg = Release|Any CPU
		{9F531678-B5A2-4879-B71A-474DE8BB1C94}.Release|Any CPU.Build.0 = Release|Any CPU
		{34CEC610-ECDC-4B22-B4E3-F4A8854D67A9}.Debug|Any CPU.ActiveCfg = Debug|Any CPU
		{34CEC610-ECDC-4B22-B4E3-F4A8854D67A9}.Debug|Any CPU.Build.0 = Debug|Any CPU
		{34CEC610-ECDC-4B22-B4E3-F4A8854D67A9}.Release|Any CPU.ActiveCfg = Release|Any CPU
		{34CEC610-ECDC-4B22-B4E3-F4A8854D67A9}.Release|Any CPU.Build.0 = Release|Any CPU
		{0C849BB7-609B-4F3B-8B5B-415D08DA35C9}.Debug|Any CPU.ActiveCfg = Debug|Any CPU
		{0C849BB7-609B-4F3B-8B5B-415D08DA35C9}.Debug|Any CPU.Build.0 = Debug|Any CPU
		{0C849BB7-609B-4F3B-8B5B-415D08DA35C9}.Release|Any CPU.ActiveCfg = Release|Any CPU
		{0C849BB7-609B-4F3B-8B5B-415D08DA35C9}.Release|Any CPU.Build.0 = Release|Any CPU
		{6B5C5D97-68ED-46EF-AA70-BFE3186263DC}.Debug|Any CPU.ActiveCfg = Debug|Any CPU
		{6B5C5D97-68ED-46EF-AA70-BFE3186263DC}.Debug|Any CPU.Build.0 = Debug|Any CPU
		{6B5C5D97-68ED-46EF-AA70-BFE3186263DC}.Release|Any CPU.ActiveCfg = Release|Any CPU
		{6B5C5D97-68ED-46EF-AA70-BFE3186263DC}.Release|Any CPU.Build.0 = Release|Any CPU
		{AB1D9BED-7E3D-4BDE-B6D3-BBA5BFE00F10}.Debug|Any CPU.ActiveCfg = Debug|Any CPU
		{AB1D9BED-7E3D-4BDE-B6D3-BBA5BFE00F10}.Debug|Any CPU.Build.0 = Debug|Any CPU
		{AB1D9BED-7E3D-4BDE-B6D3-BBA5BFE00F10}.Release|Any CPU.ActiveCfg = Release|Any CPU
		{AB1D9BED-7E3D-4BDE-B6D3-BBA5BFE00F10}.Release|Any CPU.Build.0 = Release|Any CPU
		{7E82AF75-AF30-4B6C-B909-1658B28B057F}.Debug|Any CPU.ActiveCfg = Debug|Any CPU
		{7E82AF75-AF30-4B6C-B909-1658B28B057F}.Debug|Any CPU.Build.0 = Debug|Any CPU
		{7E82AF75-AF30-4B6C-B909-1658B28B057F}.Release|Any CPU.ActiveCfg = Release|Any CPU
		{7E82AF75-AF30-4B6C-B909-1658B28B057F}.Release|Any CPU.Build.0 = Release|Any CPU
		{A7A359FB-F542-4DA6-AD16-BC614807FCBD}.Debug|Any CPU.ActiveCfg = Debug|Any CPU
		{A7A359FB-F542-4DA6-AD16-BC614807FCBD}.Debug|Any CPU.Build.0 = Debug|Any CPU
		{A7A359FB-F542-4DA6-AD16-BC614807FCBD}.Release|Any CPU.ActiveCfg = Release|Any CPU
		{A7A359FB-F542-4DA6-AD16-BC614807FCBD}.Release|Any CPU.Build.0 = Release|Any CPU
		{046D7DCF-91B9-4C27-8863-EC82415E7B36}.Debug|Any CPU.ActiveCfg = Debug|Any CPU
		{046D7DCF-91B9-4C27-8863-EC82415E7B36}.Debug|Any CPU.Build.0 = Debug|Any CPU
		{046D7DCF-91B9-4C27-8863-EC82415E7B36}.Release|Any CPU.ActiveCfg = Release|Any CPU
		{046D7DCF-91B9-4C27-8863-EC82415E7B36}.Release|Any CPU.Build.0 = Release|Any CPU
		{CF2A977B-E565-41F1-A640-F961E6FBC66D}.Debug|Any CPU.ActiveCfg = Debug|Any CPU
		{CF2A977B-E565-41F1-A640-F961E6FBC66D}.Debug|Any CPU.Build.0 = Debug|Any CPU
		{CF2A977B-E565-41F1-A640-F961E6FBC66D}.Release|Any CPU.ActiveCfg = Release|Any CPU
		{CF2A977B-E565-41F1-A640-F961E6FBC66D}.Release|Any CPU.Build.0 = Release|Any CPU
		{701F2FFC-A193-4191-A3CB-B682454A5728}.Debug|Any CPU.ActiveCfg = Debug|Any CPU
		{701F2FFC-A193-4191-A3CB-B682454A5728}.Debug|Any CPU.Build.0 = Debug|Any CPU
		{701F2FFC-A193-4191-A3CB-B682454A5728}.Release|Any CPU.ActiveCfg = Release|Any CPU
		{701F2FFC-A193-4191-A3CB-B682454A5728}.Release|Any CPU.Build.0 = Release|Any CPU
	EndGlobalSection
	GlobalSection(SolutionProperties) = preSolution
		HideSolutionNode = FALSE
	EndGlobalSection
	GlobalSection(ExtensibilityGlobals) = postSolution
		SolutionGuid = {9EE015A9-489F-43D4-9676-D88BE1224214}
	EndGlobalSection
	GlobalSection(NestedProjects) = preSolution
		{9D6A106E-268E-4B6D-A1A9-51CC644CB913} = {FD9B1931-D641-4A55-A960-6505AE53B753}
		{2AD6B553-C0EF-4101-997A-34BE6BF8FC42} = {FD9B1931-D641-4A55-A960-6505AE53B753}
		{259FFD7A-D63E-4133-9DCA-C84143177EE7} = {FD9B1931-D641-4A55-A960-6505AE53B753}
		{3EBD7E27-C318-4273-A174-730989769A4D} = {FD9B1931-D641-4A55-A960-6505AE53B753}
		{81A066CC-0991-4602-958E-C32AABD5E92D} = {CB724291-AD1D-42EB-9CD0-70C2E6BE80D5}
		{37E9AE1A-4682-4538-B87C-A26640E9D4BA} = {CB724291-AD1D-42EB-9CD0-70C2E6BE80D5}
		{6566EF2F-DBF0-4B77-A690-28835D7095D6} = {CB724291-AD1D-42EB-9CD0-70C2E6BE80D5}
		{2ECD6038-9F5F-4207-BA1C-215920B1EEDB} = {CB724291-AD1D-42EB-9CD0-70C2E6BE80D5}
		{06F20C86-D5F7-4BF5-98D4-1B9AB4F3E37B} = {CB724291-AD1D-42EB-9CD0-70C2E6BE80D5}
		{9F531678-B5A2-4879-B71A-474DE8BB1C94} = {CB724291-AD1D-42EB-9CD0-70C2E6BE80D5}
		{34CEC610-ECDC-4B22-B4E3-F4A8854D67A9} = {C595FA86-F753-4AB0-9B69-E8B719B4F221}
		{0C849BB7-609B-4F3B-8B5B-415D08DA35C9} = {C595FA86-F753-4AB0-9B69-E8B719B4F221}
		{6B5C5D97-68ED-46EF-AA70-BFE3186263DC} = {BF040C3F-3857-45A7-B0D7-C09083AAA208}
		{AB1D9BED-7E3D-4BDE-B6D3-BBA5BFE00F10} = {BF040C3F-3857-45A7-B0D7-C09083AAA208}
		{7E82AF75-AF30-4B6C-B909-1658B28B057F} = {BF040C3F-3857-45A7-B0D7-C09083AAA208}
		{A7A359FB-F542-4DA6-AD16-BC614807FCBD} = {686F4D35-3263-4A5B-9C31-A30115AE096F}
		{046D7DCF-91B9-4C27-8863-EC82415E7B36} = {686F4D35-3263-4A5B-9C31-A30115AE096F}
		{CF2A977B-E565-41F1-A640-F961E6FBC66D} = {686F4D35-3263-4A5B-9C31-A30115AE096F}
		{701F2FFC-A193-4191-A3CB-B682454A5728} = {41233FE0-515F-4172-B658-BE3F39E0C2B8}
	EndGlobalSection
EndGlobal
