Microsoft Visual Studio Solution File, Format Version 12.00
# Visual Studio Version 17
VisualStudioVersion = 17.5.2.0
MinimumVisualStudioVersion = 10.0.40219.1
Project("{FAE04EC0-301F-11D3-BF4B-00C04F79EFBC}") = "DAY1", "DAY1\DAY1.csproj", "{66801BA3-C76F-D404-9B01-79D62F8A46FC}"
EndProject
Project("{FAE04EC0-301F-11D3-BF4B-00C04F79EFBC}") = "Day2", "Day2\Day2.csproj", "{9D6A106E-268E-4B6D-A1A9-51CC644CB913}"
EndProject
Project("{2150E333-8FDC-42A3-9474-1A3956D46DE8}") = "Day2", "Day2", "{FD9B1931-D641-4A55-A960-6505AE53B753}"
EndProject
Project("{FAE04EC0-301F-11D3-BF4B-00C04F79EFBC}") = "FIlmMVC", "Day2\FIlmMVC\FIlmMVC.csproj", "{2AD6B553-C0EF-4101-997A-34BE6BF8FC42}"
EndProject
Project("{FAE04EC0-301F-11D3-BF4B-00C04F79EFBC}") = "FilmConsole", "Day2\FilmConsole\FilmConsole.csproj", "{259FFD7A-D63E-4133-9DCA-C84143177EE7}"
EndProject
Global
	GlobalSection(SolutionConfigurationPlatforms) = preSolution
		Debug|Any CPU = Debug|Any CPU
		Release|Any CPU = Release|Any CPU
	EndGlobalSection
	GlobalSection(ProjectConfigurationPlatforms) = postSolution
		{66801BA3-C76F-D404-9B01-79D62F8A46FC}.Debug|Any CPU.ActiveCfg = Debug|Any CPU
		{66801BA3-C76F-D404-9B01-79D62F8A46FC}.Debug|Any CPU.Build.0 = Debug|Any CPU
		{66801BA3-C76F-D404-9B01-79D62F8A46FC}.Release|Any CPU.ActiveCfg = Release|Any CPU
		{66801BA3-C76F-D404-9B01-79D62F8A46FC}.Release|Any CPU.Build.0 = Release|Any CPU
		{9D6A106E-268E-4B6D-A1A9-51CC644CB913}.Debug|Any CPU.ActiveCfg = Debug|Any CPU
		{9D6A106E-268E-4B6D-A1A9-51CC644CB913}.Debug|Any CPU.Build.0 = Debug|Any CPU
		{9D6A106E-268E-4B6D-A1A9-51CC644CB913}.Release|Any CPU.ActiveCfg = Release|Any CPU
		{9D6A106E-268E-4B6D-A1A9-51CC644CB913}.Release|Any CPU.Build.0 = Release|Any CPU
		{2AD6B553-C0EF-4101-997A-34BE6BF8FC42}.Debug|Any CPU.ActiveCfg = Debug|Any CPU
		{2AD6B553-C0EF-4101-997A-34BE6BF8FC42}.Debug|Any CPU.Build.0 = Debug|Any CPU
		{2AD6B553-C0EF-4101-997A-34BE6BF8FC42}.Release|Any CPU.ActiveCfg = Release|Any CPU
		{2AD6B553-C0EF-4101-997A-34BE6BF8FC42}.Release|Any CPU.Build.0 = Release|Any CPU
		{259FFD7A-D63E-4133-9DCA-C84143177EE7}.Debug|Any CPU.ActiveCfg = Debug|Any CPU
		{259FFD7A-D63E-4133-9DCA-C84143177EE7}.Debug|Any CPU.Build.0 = Debug|Any CPU
		{259FFD7A-D63E-4133-9DCA-C84143177EE7}.Release|Any CPU.ActiveCfg = Release|Any CPU
		{259FFD7A-D63E-4133-9DCA-C84143177EE7}.Release|Any CPU.Build.0 = Release|Any CPU
	EndGlobalSection
	GlobalSection(SolutionProperties) = preSolution
		HideSolutionNode = FALSE
	EndGlobalSection
	GlobalSection(ExtensibilityGlobals) = postSolution
		SolutionGuid = {9EE015A9-489F-43D4-9676-D88BE1224214}
	EndGlobalSection
	GlobalSection(NestedProjects) = preSolution
		{9D6A106E-268E-4B6D-A1A9-51CC644CB913} = {FD9B1931-D641-4A55-A960-6505AE53B753}
		{2AD6B553-C0EF-4101-997A-34BE6BF8FC42} = {FD9B1931-D641-4A55-A960-6505AE53B753}
		{259FFD7A-D63E-4133-9DCA-C84143177EE7} = {FD9B1931-D641-4A55-A960-6505AE53B753}
	EndGlobalSection
EndGlobal
