Microsoft Visual Studio Solution File, Format Version 12.00
# Visual Studio Version 17
VisualStudioVersion = 17.5.2.0
MinimumVisualStudioVersion = 10.0.40219.1
Project("{FAE04EC0-301F-11D3-BF4B-00C04F79EFBC}") = "DAY1", "DAY1\DAY1.csproj", "{66801BA3-C76F-D404-9B01-79D62F8A46FC}"
EndProject
Project("{FAE04EC0-301F-11D3-BF4B-00C04F79EFBC}") = "Day2", "Day2\Day2.csproj", "{9D6A106E-268E-4B6D-A1A9-51CC644CB913}"
EndProject
Project("{2150E333-8FDC-42A3-9474-1A3956D46DE8}") = "Day2", "Day2", "{FD9B1931-D641-4A55-A960-6505AE53B753}"
EndProject
Project("{FAE04EC0-301F-11D3-BF4B-00C04F79EFBC}") = "FIlmMVC", "Day2\FIlmMVC\FIlmMVC.csproj", "{2AD6B553-C0EF-4101-997A-34BE6BF8FC42}"
EndProject
Project("{FAE04EC0-301F-11D3-BF4B-00C04F79EFBC}") = "FilmConsole", "Day2\FilmConsole\FilmConsole.csproj", "{259FFD7A-D63E-4133-9DCA-C84143177EE7}"
EndProject
Project("{FAE04EC0-301F-11D3-BF4B-00C04F79EFBC}") = "bonbin", "Day2\bonbin\bonbin.csproj", "{3EBD7E27-C318-4273-A174-730989769A4D}"
EndProject
Project("{2150E333-8FDC-42A3-9474-1A3956D46DE8}") = "Day3", "Day3", "{CB724291-AD1D-42EB-9CD0-70C2E6BE80D5}"
EndProject
Project("{FAE04EC0-301F-11D3-BF4B-00C04F79EFBC}") = "Poker777MaxWin", "Day3\Poker777MaxWin\Poker777MaxWin.csproj", "{81A066CC-0991-4602-958E-C32AABD5E92D}"
EndProject
Project("{FAE04EC0-301F-11D3-BF4B-00C04F79EFBC}") = "Kino", "Day3\Kino\Kino.csproj", "{37E9AE1A-4682-4538-B87C-A26640E9D4BA}"
EndProject
Project("{FAE04EC0-301F-11D3-BF4B-00C04F79EFBC}") = "Bottling", "Day3\Bottling\Bottling.csproj", "{6566EF2F-DBF0-4B77-A690-28835D7095D6}"
EndProject
Project("{FAE04EC0-301F-11D3-BF4B-00C04F79EFBC}") = "Moving", "Day3\Moving\Moving.csproj", "{2ECD6038-9F5F-4207-BA1C-215920B1EEDB}"
EndProject
Project("{FAE04EC0-301F-11D3-BF4B-00C04F79EFBC}") = "Nest", "Day3\Nest\Nest.csproj", "{06F20C86-D5F7-4BF5-98D4-1B9AB4F3E37B}"
EndProject
Project("{FAE04EC0-301F-11D3-BF4B-00C04F79EFBC}") = "Nesting", "Day3\Nesting\Nesting.csproj", "{9F531678-B5A2-4879-B71A-474DE8BB1C94}"
EndProject
Project("{2150E333-8FDC-42A3-9474-1A3956D46DE8}") = "Day4", "Day4", "{C595FA86-F753-4AB0-9B69-E8B719B4F221}"
EndProject
Project("{FAE04EC0-301F-11D3-BF4B-00C04F79EFBC}") = "FilmMVC", "Day4\FilmMVC\FilmMVC.csproj", "{34CEC610-ECDC-4B22-B4E3-F4A8854D67A9}"
EndProject
Project("{FAE04EC0-301F-11D3-BF4B-00C04F79EFBC}") = "TestCase", "Day4\TestCase\TestCase.csproj", "{0C849BB7-609B-4F3B-8B5B-415D08DA35C9}"
EndProject
Global
	GlobalSection(SolutionConfigurationPlatforms) = preSolution
		Debug|Any CPU = Debug|Any CPU
		Release|Any CPU = Release|Any CPU
	EndGlobalSection
	GlobalSection(ProjectConfigurationPlatforms) = postSolution
		{66801BA3-C76F-D404-9B01-79D62F8A46FC}.Debug|Any CPU.ActiveCfg = Debug|Any CPU
		{66801BA3-C76F-D404-9B01-79D62F8A46FC}.Debug|Any CPU.Build.0 = Debug|Any CPU
		{66801BA3-C76F-D404-9B01-79D62F8A46FC}.Release|Any CPU.ActiveCfg = Release|Any CPU
		{66801BA3-C76F-D404-9B01-79D62F8A46FC}.Release|Any CPU.Build.0 = Release|Any CPU
		{9D6A106E-268E-4B6D-A1A9-51CC644CB913}.Debug|Any CPU.ActiveCfg = Debug|Any CPU
		{9D6A106E-268E-4B6D-A1A9-51CC644CB913}.Debug|Any CPU.Build.0 = Debug|Any CPU
		{9D6A106E-268E-4B6D-A1A9-51CC644CB913}.Release|Any CPU.ActiveCfg = Release|Any CPU
		{9D6A106E-268E-4B6D-A1A9-51CC644CB913}.Release|Any CPU.Build.0 = Release|Any CPU
		{2AD6B553-C0EF-4101-997A-34BE6BF8FC42}.Debug|Any CPU.ActiveCfg = Debug|Any CPU
		{2AD6B553-C0EF-4101-997A-34BE6BF8FC42}.Debug|Any CPU.Build.0 = Debug|Any CPU
		{2AD6B553-C0EF-4101-997A-34BE6BF8FC42}.Release|Any CPU.ActiveCfg = Release|Any CPU
		{2AD6B553-C0EF-4101-997A-34BE6BF8FC42}.Release|Any CPU.Build.0 = Release|Any CPU
		{259FFD7A-D63E-4133-9DCA-C84143177EE7}.Debug|Any CPU.ActiveCfg = Debug|Any CPU
		{259FFD7A-D63E-4133-9DCA-C84143177EE7}.Debug|Any CPU.Build.0 = Debug|Any CPU
		{259FFD7A-D63E-4133-9DCA-C84143177EE7}.Release|Any CPU.ActiveCfg = Release|Any CPU
		{259FFD7A-D63E-4133-9DCA-C84143177EE7}.Release|Any CPU.Build.0 = Release|Any CPU
		{3EBD7E27-C318-4273-A174-730989769A4D}.Debug|Any CPU.ActiveCfg = Debug|Any CPU
		{3EBD7E27-C318-4273-A174-730989769A4D}.Debug|Any CPU.Build.0 = Debug|Any CPU
		{3EBD7E27-C318-4273-A174-730989769A4D}.Release|Any CPU.ActiveCfg = Release|Any CPU
		{3EBD7E27-C318-4273-A174-730989769A4D}.Release|Any CPU.Build.0 = Release|Any CPU
		{81A066CC-0991-4602-958E-C32AABD5E92D}.Debug|Any CPU.ActiveCfg = Debug|Any CPU
		{81A066CC-0991-4602-958E-C32AABD5E92D}.Debug|Any CPU.Build.0 = Debug|Any CPU
		{81A066CC-0991-4602-958E-C32AABD5E92D}.Release|Any CPU.ActiveCfg = Release|Any CPU
		{81A066CC-0991-4602-958E-C32AABD5E92D}.Release|Any CPU.Build.0 = Release|Any CPU
		{37E9AE1A-4682-4538-B87C-A26640E9D4BA}.Debug|Any CPU.ActiveCfg = Debug|Any CPU
		{37E9AE1A-4682-4538-B87C-A26640E9D4BA}.Debug|Any CPU.Build.0 = Debug|Any CPU
		{37E9AE1A-4682-4538-B87C-A26640E9D4BA}.Release|Any CPU.ActiveCfg = Release|Any CPU
		{37E9AE1A-4682-4538-B87C-A26640E9D4BA}.Release|Any CPU.Build.0 = Release|Any CPU
		{6566EF2F-DBF0-4B77-A690-28835D7095D6}.Debug|Any CPU.ActiveCfg = Debug|Any CPU
		{6566EF2F-DBF0-4B77-A690-28835D7095D6}.Debug|Any CPU.Build.0 = Debug|Any CPU
		{6566EF2F-DBF0-4B77-A690-28835D7095D6}.Release|Any CPU.ActiveCfg = Release|Any CPU
		{6566EF2F-DBF0-4B77-A690-28835D7095D6}.Release|Any CPU.Build.0 = Release|Any CPU
		{2ECD6038-9F5F-4207-BA1C-215920B1EEDB}.Debug|Any CPU.ActiveCfg = Debug|Any CPU
		{2ECD6038-9F5F-4207-BA1C-215920B1EEDB}.Debug|Any CPU.Build.0 = Debug|Any CPU
		{2ECD6038-9F5F-4207-BA1C-215920B1EEDB}.Release|Any CPU.ActiveCfg = Release|Any CPU
		{2ECD6038-9F5F-4207-BA1C-215920B1EEDB}.Release|Any CPU.Build.0 = Release|Any CPU
		{06F20C86-D5F7-4BF5-98D4-1B9AB4F3E37B}.Debug|Any CPU.ActiveCfg = Debug|Any CPU
		{06F20C86-D5F7-4BF5-98D4-1B9AB4F3E37B}.Debug|Any CPU.Build.0 = Debug|Any CPU
		{06F20C86-D5F7-4BF5-98D4-1B9AB4F3E37B}.Release|Any CPU.ActiveCfg = Release|Any CPU
		{06F20C86-D5F7-4BF5-98D4-1B9AB4F3E37B}.Release|Any CPU.Build.0 = Release|Any CPU
		{9F531678-B5A2-4879-B71A-474DE8BB1C94}.Debug|Any CPU.ActiveCfg = Debug|Any CPU
		{9F531678-B5A2-4879-B71A-474DE8BB1C94}.Debug|Any CPU.Build.0 = Debug|Any CPU
		{9F531678-B5A2-4879-B71A-474DE8BB1C94}.Release|Any CPU.ActiveCfg = Release|Any CPU
		{9F531678-B5A2-4879-B71A-474DE8BB1C94}.Release|Any CPU.Build.0 = Release|Any CPU
		{34CEC610-ECDC-4B22-B4E3-F4A8854D67A9}.Debug|Any CPU.ActiveCfg = Debug|Any CPU
		{34CEC610-ECDC-4B22-B4E3-F4A8854D67A9}.Debug|Any CPU.Build.0 = Debug|Any CPU
		{34CEC610-ECDC-4B22-B4E3-F4A8854D67A9}.Release|Any CPU.ActiveCfg = Release|Any CPU
		{34CEC610-ECDC-4B22-B4E3-F4A8854D67A9}.Release|Any CPU.Build.0 = Release|Any CPU
		{0C849BB7-609B-4F3B-8B5B-415D08DA35C9}.Debug|Any CPU.ActiveCfg = Debug|Any CPU
		{0C849BB7-609B-4F3B-8B5B-415D08DA35C9}.Debug|Any CPU.Build.0 = Debug|Any CPU
		{0C849BB7-609B-4F3B-8B5B-415D08DA35C9}.Release|Any CPU.ActiveCfg = Release|Any CPU
		{0C849BB7-609B-4F3B-8B5B-415D08DA35C9}.Release|Any CPU.Build.0 = Release|Any CPU
	EndGlobalSection
	GlobalSection(SolutionProperties) = preSolution
		HideSolutionNode = FALSE
	EndGlobalSection
	GlobalSection(ExtensibilityGlobals) = postSolution
		SolutionGuid = {9EE015A9-489F-43D4-9676-D88BE1224214}
	EndGlobalSection
	GlobalSection(NestedProjects) = preSolution
		{9D6A106E-268E-4B6D-A1A9-51CC644CB913} = {FD9B1931-D641-4A55-A960-6505AE53B753}
		{2AD6B553-C0EF-4101-997A-34BE6BF8FC42} = {FD9B1931-D641-4A55-A960-6505AE53B753}
		{259FFD7A-D63E-4133-9DCA-C84143177EE7} = {FD9B1931-D641-4A55-A960-6505AE53B753}
		{3EBD7E27-C318-4273-A174-730989769A4D} = {FD9B1931-D641-4A55-A960-6505AE53B753}
		{81A066CC-0991-4602-958E-C32AABD5E92D} = {CB724291-AD1D-42EB-9CD0-70C2E6BE80D5}
		{37E9AE1A-4682-4538-B87C-A26640E9D4BA} = {CB724291-AD1D-42EB-9CD0-70C2E6BE80D5}
		{6566EF2F-DBF0-4B77-A690-28835D7095D6} = {CB724291-AD1D-42EB-9CD0-70C2E6BE80D5}
		{2ECD6038-9F5F-4207-BA1C-215920B1EEDB} = {CB724291-AD1D-42EB-9CD0-70C2E6BE80D5}
		{06F20C86-D5F7-4BF5-98D4-1B9AB4F3E37B} = {CB724291-AD1D-42EB-9CD0-70C2E6BE80D5}
		{9F531678-B5A2-4879-B71A-474DE8BB1C94} = {CB724291-AD1D-42EB-9CD0-70C2E6BE80D5}
		{34CEC610-ECDC-4B22-B4E3-F4A8854D67A9} = {C595FA86-F753-4AB0-9B69-E8B719B4F221}
		{0C849BB7-609B-4F3B-8B5B-415D08DA35C9} = {C595FA86-F753-4AB0-9B69-E8B719B4F221}
	EndGlobalSection
EndGlobal
